<Solution>
  <Project Path="Day01/Day01.csproj" />
  <Project Path="Day02/Day02.csproj" />
  <Project Path="Day03/Day03.csproj" />
  <Project Path="Day04/Day04.csproj" />
  <Project Path="Day05/Day05.csproj" />
  <Project Path="Day06/Day06.csproj" />
  <Project Path="Day07/Day07.csproj" />
  <Project Path="Day08/Day08.csproj" />
  <Project Path="Day09/Day09.csproj" />
</Solution>
